{
  "version": 4,
  "terraform_version": "1.12.2",
  "serial": 668,
  "lineage": "1cf03f48-89e6-c0a2-062a-c86779d9b7ae",
  "outputs": {
    "server_public_ip": {
      "value": "100.52.83.98",
      "type": "string"
    }
  },
  "resources": [
    {
      "mode": "data",
      "type": "aws_route53_zone",
      "name": "primary",
      "provider": "provider[\"registry.terraform.io/hashicorp/aws\"]",
      "instances": [
        {
          "schema_version": 0,
          "attributes": {
            "arn": "arn:aws:route53:::hostedzone/Z00766052O409MPJR7I5R",
            "caller_reference": "RISWorkflow-RD:89f9cfc8-0eb8-41cc-ae1f-0e757cc1d3c9",
            "comment": "HostedZone created by Route53 Registrar",
            "id": "Z00766052O409MPJR7I5R",
            "linked_service_description": null,
            "linked_service_principal": null,
            "name": "anthonypremo.com",
            "name_servers": [
              "ns-1601.awsdns-08.co.uk",
              "ns-233.awsdns-29.com",
              "ns-771.awsdns-32.net",
              "ns-1152.awsdns-16.org"
            ],
            "primary_name_server": "ns-1601.awsdns-08.co.uk",
            "private_zone": false,
            "resource_record_set_count": 2,
            "tags": {},
            "vpc_id": null,
            "zone_id": "Z00766052O409MPJR7I5R"
          },
          "sensitive_attributes": [],
          "identity_schema_version": 0
        }
      ]
    },
    {
      "mode": "managed",
      "type": "aws_lightsail_instance",
      "name": "server",
      "provider": "provider[\"registry.terraform.io/hashicorp/aws\"]",
      "instances": [
        {
          "schema_version": 0,
          "attributes": {
            "add_on": [],
            "arn": "arn:aws:lightsail:us-east-1:083133290828:Instance/9dfe1188-4edf-4e27-9776-ef18d1430e90",
            "availability_zone": "us-east-1a",
            "blueprint_id": "amazon_linux_2023",
            "bundle_id": "nano_3_0",
            "cpu_count": 2,
            "created_at": "2026-05-11T02:53:17Z",
            "id": "premsanity-server",
            "ip_address_type": "dualstack",
            "ipv6_addresses": [
              "2600:1f18:4eb0:1f00:6321:493f:ade6:262e"
            ],
            "is_static_ip": false,
            "key_pair_name": "personal-website-key",
            "name": "premsanity-server",
            "private_ip_address": "172.26.12.170",
            "public_ip_address": "98.92.184.66",
            "ram_size": 0.5,
            "tags": {
              "Environment": "Production",
              "Name": "Premsanity Server"
            },
            "tags_all": {
              "Environment": "Production",
              "Name": "Premsanity Server"
            },
            "user_data": "#!/bin/bash\nexec \u003e \u003e(tee /var/log/user-data.log|logger -t user-data -s 2\u003e/dev/console) 2\u003e\u00261\nset -euxo pipefail\n\n# 1. Install Dependencies\ndnf update -y\ndnf install -y nginx git\n\n# 2. Prevent Nginx from starting immediately (we need to config it)\nsystemctl stop nginx\n\n# 3. Create Application Directory\nmkdir -p /var/www/personal-website/dist\nmkdir -p /var/www/personal-website/uploads\nchown -R ec2-user:ec2-user /var/www/personal-website\n\n# 3.5 Create .env file\ncat \u003c\u003cEOF \u003e /var/www/personal-website/.env\nAPP_ENV=production\nVITE_BUILD_STAGE=production\nVITE_PORT=80\nVITE_BACKEND_PORT=8080\nVITE_RESUME_UPLOAD_PASSCODE=RedHawkpersonalwebsite2001!\nADMIN_PASSPHRASE=RedHawkpersonalwebsite2001!\nDB_DRIVER=sqlite\nDB_NAME=personal_website.db\nEOF\n\n# 4. Create Systemd Service for Go Backend\ncat \u003c\u003cEOF \u003e /etc/systemd/system/personal-website.service\n[Unit]\nDescription=Personal Website Backend\nAfter=network.target\n\n[Service]\nUser=ec2-user\nGroup=ec2-user\nWorkingDirectory=/var/www/personal-website\nEnvironmentFile=/var/www/personal-website/.env\nExecStart=/var/www/personal-website/server\nRestart=always\nRestartSec=5\n\n[Install]\nWantedBy=multi-user.target\nEOF\n\n# 5. Configure Nginx\ncat \u003c\u003cEOF \u003e /etc/nginx/conf.d/personal-website.conf\nserver {\n    listen 80;\n    server_name anthonypremo.com www.anthonypremo.com;\n\n    location / {\n        root /var/www/personal-website/dist;\n        try_files \\$uri \\$uri/ /index.html;\n    }\n\n    location /api {\n        proxy_pass http://localhost:8080;\n        proxy_set_header Host \\$host;\n        proxy_set_header X-Real-IP \\$remote_addr;\n        proxy_set_header X-Forwarded-For \\$proxy_add_x_forwarded_for;\n    }\n    \n    location /uploads {\n        alias /var/www/personal-website/uploads;\n    }\n}\nEOF\n\n# Remove default nginx config if it conflicts\nrm -f /etc/nginx/conf.d/default.conf\n\n# 6. Start Services\nsystemctl daemon-reload\nsystemctl enable personal-website\nsystemctl enable nginx\nsystemctl start nginx\n\necho \"UserData script completed.\"\n",
            "username": "ec2-user"
          },
          "sensitive_attributes": [
            [
              {
                "type": "get_attr",
                "value": "user_data"
              }
            ]
          ],
          "identity_schema_version": 0,
          "private": "bnVsbA=="
        }
      ]
    },
    {
      "mode": "managed",
      "type": "aws_lightsail_instance_public_ports",
      "name": "server_firewall",
      "provider": "provider[\"registry.terraform.io/hashicorp/aws\"]",
      "instances": [
        {
          "schema_version": 0,
          "attributes": {
            "id": "premsanity-server-1421794143",
            "instance_name": "premsanity-server",
            "port_info": [
              {
                "cidr_list_aliases": [],
                "cidrs": [
                  "0.0.0.0/0"
                ],
                "from_port": 22,
                "ipv6_cidrs": [
                  "::/0"
                ],
                "protocol": "tcp",
                "to_port": 22
              },
              {
                "cidr_list_aliases": [],
                "cidrs": [
                  "0.0.0.0/0"
                ],
                "from_port": 443,
                "ipv6_cidrs": [
                  "::/0"
                ],
                "protocol": "tcp",
                "to_port": 443
              },
              {
                "cidr_list_aliases": [],
                "cidrs": [
                  "0.0.0.0/0"
                ],
                "from_port": 80,
                "ipv6_cidrs": [
                  "::/0"
                ],
                "protocol": "tcp",
                "to_port": 80
              }
            ]
          },
          "sensitive_attributes": [],
          "identity_schema_version": 0,
          "private": "bnVsbA==",
          "dependencies": [
            "aws_lightsail_instance.server"
          ]
        }
      ]
    },
    {
      "mode": "managed",
      "type": "aws_lightsail_static_ip",
      "name": "server_ip",
      "provider": "provider[\"registry.terraform.io/hashicorp/aws\"]",
      "instances": [
        {
          "schema_version": 0,
          "attributes": {
            "arn": "arn:aws:lightsail:us-east-1:083133290828:StaticIp/399131bf-4d5f-4188-b7f3-8d5fa8bb2d2f",
            "id": "premsanity-static-ip",
            "ip_address": "100.52.83.98",
            "name": "premsanity-static-ip",
            "support_code": "814820107882/100.52.83.98"
          },
          "sensitive_attributes": [],
          "identity_schema_version": 0,
          "private": "bnVsbA=="
        }
      ]
    },
    {
      "mode": "managed",
      "type": "aws_lightsail_static_ip_attachment",
      "name": "server_ip_attach",
      "provider": "provider[\"registry.terraform.io/hashicorp/aws\"]",
      "instances": [
        {
          "schema_version": 0,
          "attributes": {
            "id": "premsanity-static-ip",
            "instance_name": "premsanity-server",
            "ip_address": "100.52.83.98",
            "static_ip_name": "premsanity-static-ip"
          },
          "sensitive_attributes": [],
          "identity_schema_version": 0,
          "private": "bnVsbA==",
          "dependencies": [
            "aws_lightsail_instance.server",
            "aws_lightsail_static_ip.server_ip"
          ]
        }
      ]
    },
    {
      "mode": "managed",
      "type": "aws_route53_record",
      "name": "root",
      "provider": "provider[\"registry.terraform.io/hashicorp/aws\"]",
      "instances": [
        {
          "schema_version": 2,
          "attributes": {
            "alias": [],
            "allow_overwrite": null,
            "cidr_routing_policy": [],
            "failover_routing_policy": [],
            "fqdn": "anthonypremo.com",
            "geolocation_routing_policy": [],
            "geoproximity_routing_policy": [],
            "health_check_id": "",
            "id": "Z00766052O409MPJR7I5R_anthonypremo.com_A",
            "latency_routing_policy": [],
            "multivalue_answer_routing_policy": false,
            "name": "anthonypremo.com",
            "records": [
              "100.52.83.98"
            ],
            "set_identifier": "",
            "timeouts": null,
            "ttl": 300,
            "type": "A",
            "weighted_routing_policy": [],
            "zone_id": "Z00766052O409MPJR7I5R"
          },
          "sensitive_attributes": [],
          "identity_schema_version": 0,
          "private": "eyJlMmJmYjczMC1lY2FhLTExZTYtOGY4OC0zNDM2M2JjN2M0YzAiOnsiY3JlYXRlIjoxODAwMDAwMDAwMDAwLCJkZWxldGUiOjE4MDAwMDAwMDAwMDAsInVwZGF0ZSI6MTgwMDAwMDAwMDAwMH0sInNjaGVtYV92ZXJzaW9uIjoiMiJ9",
          "dependencies": [
            "aws_lightsail_static_ip.server_ip",
            "data.aws_route53_zone.primary"
          ]
        }
      ]
    },
    {
      "mode": "managed",
      "type": "aws_route53_record",
      "name": "www",
      "provider": "provider[\"registry.terraform.io/hashicorp/aws\"]",
      "instances": [
        {
          "schema_version": 2,
          "attributes": {
            "alias": [],
            "allow_overwrite": null,
            "cidr_routing_policy": [],
            "failover_routing_policy": [],
            "fqdn": "www.anthonypremo.com",
            "geolocation_routing_policy": [],
            "geoproximity_routing_policy": [],
            "health_check_id": "",
            "id": "Z00766052O409MPJR7I5R_www.anthonypremo.com_A",
            "latency_routing_policy": [],
            "multivalue_answer_routing_policy": false,
            "name": "www.anthonypremo.com",
            "records": [
              "100.52.83.98"
            ],
            "set_identifier": "",
            "timeouts": null,
            "ttl": 300,
            "type": "A",
            "weighted_routing_policy": [],
            "zone_id": "Z00766052O409MPJR7I5R"
          },
          "sensitive_attributes": [],
          "identity_schema_version": 0,
          "private": "eyJlMmJmYjczMC1lY2FhLTExZTYtOGY4OC0zNDM2M2JjN2M0YzAiOnsiY3JlYXRlIjoxODAwMDAwMDAwMDAwLCJkZWxldGUiOjE4MDAwMDAwMDAwMDAsInVwZGF0ZSI6MTgwMDAwMDAwMDAwMH0sInNjaGVtYV92ZXJzaW9uIjoiMiJ9",
          "dependencies": [
            "aws_lightsail_static_ip.server_ip",
            "data.aws_route53_zone.primary"
          ]
        }
      ]
    },
    {
      "mode": "managed",
      "type": "aws_s3_bucket",
      "name": "backups_bucket",
      "provider": "provider[\"registry.terraform.io/hashicorp/aws\"]",
      "instances": [
        {
          "schema_version": 0,
          "attributes": {
            "acceleration_status": "",
            "acl": null,
            "arn": "arn:aws:s3:::premsanity-backups-us-east-1",
            "bucket": "premsanity-backups-us-east-1",
            "bucket_domain_name": "premsanity-backups-us-east-1.s3.amazonaws.com",
            "bucket_prefix": "",
            "bucket_regional_domain_name": "premsanity-backups-us-east-1.s3.us-east-1.amazonaws.com",
            "cors_rule": [],
            "force_destroy": false,
            "grant": [
              {
                "id": "dab0944a855ab1834bdf699c6fb3ca86b5f52b9150af239f94d65c5d3c095f02",
                "permissions": [
                  "FULL_CONTROL"
                ],
                "type": "CanonicalUser",
                "uri": ""
              }
            ],
            "hosted_zone_id": "Z3AQBSTGFYJSTF",
            "id": "premsanity-backups-us-east-1",
            "lifecycle_rule": [],
            "logging": [],
            "object_lock_configuration": [],
            "object_lock_enabled": false,
            "policy": "",
            "region": "us-east-1",
            "replication_configuration": [],
            "request_payer": "BucketOwner",
            "server_side_encryption_configuration": [
              {
                "rule": [
                  {
                    "apply_server_side_encryption_by_default": [
                      {
                        "kms_master_key_id": "",
                        "sse_algorithm": "AES256"
                      }
                    ],
                    "bucket_key_enabled": false
                  }
                ]
              }
            ],
            "tags": {
              "Environment": "Production",
              "Name": "Premsanity Backups"
            },
            "tags_all": {
              "Environment": "Production",
              "Name": "Premsanity Backups"
            },
            "timeouts": null,
            "versioning": [
              {
                "enabled": false,
                "mfa_delete": false
              }
            ],
            "website": [],
            "website_domain": null,
            "website_endpoint": null
          },
          "sensitive_attributes": [],
          "identity_schema_version": 0,
          "private": "eyJlMmJmYjczMC1lY2FhLTExZTYtOGY4OC0zNDM2M2JjN2M0YzAiOnsiY3JlYXRlIjoxMjAwMDAwMDAwMDAwLCJkZWxldGUiOjM2MDAwMDAwMDAwMDAsInJlYWQiOjEyMDAwMDAwMDAwMDAsInVwZGF0ZSI6MTIwMDAwMDAwMDAwMH19"
        }
      ]
    },
    {
      "mode": "managed",
      "type": "aws_s3_bucket",
      "name": "uploads_bucket",
      "provider": "provider[\"registry.terraform.io/hashicorp/aws\"]",
      "instances": [
        {
          "schema_version": 0,
          "attributes": {
            "acceleration_status": "",
            "acl": null,
            "arn": "arn:aws:s3:::premsanity-uploads-us-east-1",
            "bucket": "premsanity-uploads-us-east-1",
            "bucket_domain_name": "premsanity-uploads-us-east-1.s3.amazonaws.com",
            "bucket_prefix": "",
            "bucket_regional_domain_name": "premsanity-uploads-us-east-1.s3.us-east-1.amazonaws.com",
            "cors_rule": [],
            "force_destroy": false,
            "grant": [
              {
                "id": "dab0944a855ab1834bdf699c6fb3ca86b5f52b9150af239f94d65c5d3c095f02",
                "permissions": [
                  "FULL_CONTROL"
                ],
                "type": "CanonicalUser",
                "uri": ""
              }
            ],
            "hosted_zone_id": "Z3AQBSTGFYJSTF",
            "id": "premsanity-uploads-us-east-1",
            "lifecycle_rule": [],
            "logging": [],
            "object_lock_configuration": [],
            "object_lock_enabled": false,
            "policy": "",
            "region": "us-east-1",
            "replication_configuration": [],
            "request_payer": "BucketOwner",
            "server_side_encryption_configuration": [
              {
                "rule": [
                  {
                    "apply_server_side_encryption_by_default": [
                      {
                        "kms_master_key_id": "",
                        "sse_algorithm": "AES256"
                      }
                    ],
                    "bucket_key_enabled": false
                  }
                ]
              }
            ],
            "tags": {
              "Environment": "Production",
              "Name": "Premsanity Uploads"
            },
            "tags_all": {
              "Environment": "Production",
              "Name": "Premsanity Uploads"
            },
            "timeouts": null,
            "versioning": [
              {
                "enabled": false,
                "mfa_delete": false
              }
            ],
            "website": [],
            "website_domain": null,
            "website_endpoint": null
          },
          "sensitive_attributes": [],
          "identity_schema_version": 0,
          "private": "eyJlMmJmYjczMC1lY2FhLTExZTYtOGY4OC0zNDM2M2JjN2M0YzAiOnsiY3JlYXRlIjoxMjAwMDAwMDAwMDAwLCJkZWxldGUiOjM2MDAwMDAwMDAwMDAsInJlYWQiOjEyMDAwMDAwMDAwMDAsInVwZGF0ZSI6MTIwMDAwMDAwMDAwMH19"
        }
      ]
    },
    {
      "mode": "managed",
      "type": "aws_s3_bucket_policy",
      "name": "uploads_policy",
      "provider": "provider[\"registry.terraform.io/hashicorp/aws\"]",
      "instances": [
        {
          "schema_version": 0,
          "attributes": {
            "bucket": "premsanity-uploads-us-east-1",
            "id": "premsanity-uploads-us-east-1",
            "policy": "{\"Statement\":[{\"Action\":\"s3:GetObject\",\"Effect\":\"Allow\",\"Principal\":\"*\",\"Resource\":\"arn:aws:s3:::premsanity-uploads-us-east-1/*\",\"Sid\":\"PublicReadGetObject\"}],\"Version\":\"2012-10-17\"}"
          },
          "sensitive_attributes": [],
          "identity_schema_version": 0,
          "private": "bnVsbA==",
          "dependencies": [
            "aws_s3_bucket.uploads_bucket",
            "aws_s3_bucket_public_access_block.uploads_public"
          ]
        }
      ]
    },
    {
      "mode": "managed",
      "type": "aws_s3_bucket_public_access_block",
      "name": "uploads_public",
      "provider": "provider[\"registry.terraform.io/hashicorp/aws\"]",
      "instances": [
        {
          "schema_version": 0,
          "attributes": {
            "block_public_acls": false,
            "block_public_policy": false,
            "bucket": "premsanity-uploads-us-east-1",
            "id": "premsanity-uploads-us-east-1",
            "ignore_public_acls": false,
            "restrict_public_buckets": false
          },
          "sensitive_attributes": [],
          "identity_schema_version": 0,
          "private": "bnVsbA==",
          "dependencies": [
            "aws_s3_bucket.uploads_bucket"
          ]
        }
      ]
    },
    {
      "mode": "managed",
      "type": "aws_s3_bucket_versioning",
      "name": "backups_versioning",
      "provider": "provider[\"registry.terraform.io/hashicorp/aws\"]",
      "instances": [
        {
          "schema_version": 0,
          "attributes": {
            "bucket": "premsanity-backups-us-east-1",
            "expected_bucket_owner": "",
            "id": "premsanity-backups-us-east-1",
            "mfa": null,
            "versioning_configuration": [
              {
                "mfa_delete": "",
                "status": "Enabled"
              }
            ]
          },
          "sensitive_attributes": [],
          "identity_schema_version": 0,
          "private": "bnVsbA==",
          "dependencies": [
            "aws_s3_bucket.backups_bucket"
          ]
        }
      ]
    }
  ],
  "check_results": null
}
