{
  "version": 4,
  "terraform_version": "1.9.7",
  "serial": 486,
  "lineage": "1cf03f48-89e6-c0a2-062a-c86779d9b7ae",
  "outputs": {},
  "resources": [
    {
      "mode": "data",
      "type": "aws_route53_zone",
      "name": "premsanity",
      "provider": "provider[\"registry.terraform.io/hashicorp/aws\"]",
      "instances": [
        {
          "schema_version": 0,
          "attributes": {
            "arn": "arn:aws:route53:::hostedzone/Z0615570119VZWM7X1M4V",
            "caller_reference": "RISWorkflow-RD:081289fe-f021-4b5c-9a18-51985a7f309f",
            "comment": "HostedZone created by Route53 Registrar",
            "id": "Z0615570119VZWM7X1M4V",
            "linked_service_description": null,
            "linked_service_principal": null,
            "name": "premsanity.com",
            "name_servers": [
              "ns-272.awsdns-34.com",
              "ns-1763.awsdns-28.co.uk",
              "ns-1514.awsdns-61.org",
              "ns-532.awsdns-02.net"
            ],
            "primary_name_server": "ns-272.awsdns-34.com",
            "private_zone": false,
            "resource_record_set_count": 3,
            "tags": {},
            "vpc_id": null,
            "zone_id": "Z0615570119VZWM7X1M4V"
          },
          "sensitive_attributes": []
        }
      ]
    },
    {
      "mode": "managed",
      "type": "aws_iam_instance_profile",
      "name": "PersonalSiteInstanceProfile",
      "provider": "provider[\"registry.terraform.io/hashicorp/aws\"]",
      "instances": [
        {
          "schema_version": 0,
          "attributes": {
            "arn": "arn:aws:iam::739275461129:instance-profile/PersonalSiteInstanceProfile",
            "create_date": "2025-07-26T19:15:38Z",
            "id": "PersonalSiteInstanceProfile",
            "name": "PersonalSiteInstanceProfile",
            "name_prefix": "",
            "path": "/",
            "role": "EC2AdminRole",
            "tags": {},
            "tags_all": {},
            "unique_id": "AIPA2YICAKIETUKQPYPAV"
          },
          "sensitive_attributes": [],
          "private": "bnVsbA=="
        }
      ]
    },
    {
      "mode": "managed",
      "type": "aws_instance",
      "name": "PersonalSiteEC2",
      "provider": "provider[\"registry.terraform.io/hashicorp/aws\"]",
      "instances": [
        {
          "schema_version": 2,
          "attributes": {
            "ami": "ami-0866a3c8686eaeeba",
            "arn": "arn:aws:ec2:us-east-1:739275461129:instance/i-02790d8fddb3909aa",
            "associate_public_ip_address": true,
            "availability_zone": "us-east-1a",
            "capacity_reservation_specification": [
              {
                "capacity_reservation_preference": "open",
                "capacity_reservation_target": []
              }
            ],
            "cpu_options": [
              {
                "amd_sev_snp": "",
                "core_count": 1,
                "threads_per_core": 1
              }
            ],
            "credit_specification": [
              {
                "cpu_credits": "standard"
              }
            ],
            "disable_api_stop": false,
            "disable_api_termination": false,
            "ebs_block_device": [],
            "ebs_optimized": false,
            "enable_primary_ipv6": null,
            "enclave_options": [
              {
                "enabled": false
              }
            ],
            "ephemeral_block_device": [],
            "get_password_data": false,
            "hibernation": false,
            "host_id": "",
            "host_resource_group_arn": null,
            "iam_instance_profile": "PersonalSiteInstanceProfile",
            "id": "i-02790d8fddb3909aa",
            "instance_initiated_shutdown_behavior": "stop",
            "instance_lifecycle": "",
            "instance_market_options": [],
            "instance_state": "running",
            "instance_type": "t2.micro",
            "ipv6_address_count": 0,
            "ipv6_addresses": [],
            "key_name": "Personal-Website-EC2KP",
            "launch_template": [],
            "maintenance_options": [
              {
                "auto_recovery": "default"
              }
            ],
            "metadata_options": [
              {
                "http_endpoint": "enabled",
                "http_protocol_ipv6": "disabled",
                "http_put_response_hop_limit": 2,
                "http_tokens": "required",
                "instance_metadata_tags": "disabled"
              }
            ],
            "monitoring": false,
            "network_interface": [],
            "outpost_arn": "",
            "password_data": "",
            "placement_group": "",
            "placement_partition_number": 0,
            "primary_network_interface_id": "eni-0d61faa07ab146084",
            "private_dns": "ip-10-0-1-233.ec2.internal",
            "private_dns_name_options": [
              {
                "enable_resource_name_dns_a_record": false,
                "enable_resource_name_dns_aaaa_record": false,
                "hostname_type": "ip-name"
              }
            ],
            "private_ip": "10.0.1.233",
            "public_dns": "",
            "public_ip": "18.232.106.54",
            "region": "us-east-1",
            "root_block_device": [
              {
                "delete_on_termination": true,
                "device_name": "/dev/sda1",
                "encrypted": false,
                "iops": 100,
                "kms_key_id": "",
                "tags": {},
                "tags_all": {},
                "throughput": 0,
                "volume_id": "vol-0ca6004fddadd43fc",
                "volume_size": 30,
                "volume_type": "gp2"
              }
            ],
            "secondary_private_ips": [],
            "security_groups": [],
            "source_dest_check": true,
            "spot_instance_request_id": "",
            "subnet_id": "subnet-0f97426d473d63458",
            "tags": {
              "Name": "PersonalSiteEC2Instance"
            },
            "tags_all": {
              "Name": "PersonalSiteEC2Instance"
            },
            "tenancy": "default",
            "timeouts": null,
            "user_data": "#!/bin/bash\nexec \u003e \u003e(tee /var/log/user-data.log|logger -t user-data -s 2\u003e/dev/console) 2\u003e\u00261\nset -euxo pipefail\n\necho \"---- STARTING USER DATA SCRIPT ----\"\n\n# Install base packages\napt-get update -y \u0026\u0026 apt-get upgrade -y\napt-get install -y ca-certificates curl gnupg lsb-release unzip jq\n\n# Install Docker\necho \"Installing Docker...\"\ncurl -fsSL https://get.docker.com -o get-docker.sh\nsh get-docker.sh\nsystemctl start docker\nsystemctl enable docker\nchmod 666 /var/run/docker.sock\n\n# Install AWS CLI\necho \"Installing AWS CLI...\"\ncurl \"https://awscli.amazonaws.com/awscli-exe-linux-x86_64.zip\" -o \"awscliv2.zip\"\nunzip awscliv2.zip\n./aws/install\n\n# Log in to ECR\necho \"Logging in to ECR...\"\naws ecr get-login-password --region us-east-1 | docker login --username AWS --password-stdin 739275461129.dkr.ecr.us-east-1.amazonaws.com\n\n# Create .env file\necho \"Creating .env file...\"\ncat \u003c\u003cEOT \u003e /home/ubuntu/.env\nPOSTGRES_USER=premsanity\nPOSTGRES_PASSWORD=Ajajlws24\nPOSTGRES_DB=personal-website\nVITE_UPLOAD_PASSCODE=Ajajlws24\nEOT\n\n# Pull Docker images\necho \"Pulling Docker images...\"\ndocker pull 739275461129.dkr.ecr.us-east-1.amazonaws.com/personal-website-frontend:latest\ndocker pull 739275461129.dkr.ecr.us-east-1.amazonaws.com/personal-website-backend:latest\ndocker pull postgres:15\n\n# Create docker-compose.yml\necho \"Creating docker-compose.yml...\"\ncat \u003c\u003cEOT \u003e /home/ubuntu/docker-compose.yml\nversion: \"3.8\"\nservices:\n  postgres:\n    image: postgres:15\n    container_name: postgres\n    restart: always\n    environment:\n      POSTGRES_USER: premsanity\n      POSTGRES_PASSWORD: Ajajlws24\n      POSTGRES_DB: personal-website\n      VITE_UPLOAD_PASSCODE: Ajajlws24\n    volumes:\n      - postgres-data:/var/lib/postgresql/data\n    networks:\n      - personal-website-network\n\n  backend:\n    image: 739275461129.dkr.ecr.us-east-1.amazonaws.com/personal-website-backend:latest\n    container_name: backend\n    restart: always\n    environment:\n      DB_HOST: postgres\n      DB_PORT: 5432\n      DB_USER: premsanity\n      DB_PASSWORD: Ajajlws24\n      DB_NAME: personal-website\n    ports:\n      - \"8080:8080\"\n    depends_on:\n      - postgres\n    networks:\n      - personal-website-network\n\n  frontend:\n    image: 739275461129.dkr.ecr.us-east-1.amazonaws.com/personal-website-frontend:latest\n    container_name: frontend\n    restart: always\n    environment:\n      VITE_UPLOAD_PASSCODE: Ajajlws24\n    ports:\n      - \"80:80\"\n    depends_on:\n      - backend\n    networks:\n      - personal-website-network\n\nvolumes:\n  postgres-data:\n\nnetworks:\n  personal-website-network:\n    driver: bridge\nEOT\n\n# Start containers\necho \"Starting containers...\"\ncd /home/ubuntu\ndocker compose --env-file .env up -d\n\necho \"---- USER DATA SCRIPT COMPLETE ----\"\n",
            "user_data_base64": null,
            "user_data_replace_on_change": false,
            "volume_tags": null,
            "vpc_security_group_ids": [
              "sg-01c87144136d65070"
            ]
          },
          "sensitive_attributes": [],
          "private": "eyJlMmJmYjczMC1lY2FhLTExZTYtOGY4OC0zNDM2M2JjN2M0YzAiOnsiY3JlYXRlIjo2MDAwMDAwMDAwMDAsImRlbGV0ZSI6MTIwMDAwMDAwMDAwMCwicmVhZCI6OTAwMDAwMDAwMDAwLCJ1cGRhdGUiOjYwMDAwMDAwMDAwMH0sInNjaGVtYV92ZXJzaW9uIjoiMiJ9",
          "dependencies": [
            "aws_iam_instance_profile.PersonalSiteInstanceProfile",
            "aws_security_group.allow_http_https_ssh",
            "aws_subnet.personal_site_subnet_1",
            "aws_vpc.personal_site_vpc"
          ]
        }
      ]
    },
    {
      "mode": "managed",
      "type": "aws_internet_gateway",
      "name": "personal_site_igw",
      "provider": "provider[\"registry.terraform.io/hashicorp/aws\"]",
      "instances": [
        {
          "schema_version": 0,
          "attributes": {
            "arn": "arn:aws:ec2:us-east-1:739275461129:internet-gateway/igw-09a103329f9fb2850",
            "id": "igw-09a103329f9fb2850",
            "owner_id": "739275461129",
            "region": "us-east-1",
            "tags": {
              "Name": "PersonalSiteInternetGateway"
            },
            "tags_all": {
              "Name": "PersonalSiteInternetGateway"
            },
            "timeouts": null,
            "vpc_id": "vpc-0a71dd07e8b14676f"
          },
          "sensitive_attributes": [],
          "private": "eyJlMmJmYjczMC1lY2FhLTExZTYtOGY4OC0zNDM2M2JjN2M0YzAiOnsiY3JlYXRlIjoxMjAwMDAwMDAwMDAwLCJkZWxldGUiOjEyMDAwMDAwMDAwMDAsInVwZGF0ZSI6MTIwMDAwMDAwMDAwMH19",
          "dependencies": [
            "aws_vpc.personal_site_vpc"
          ]
        }
      ]
    },
    {
      "mode": "managed",
      "type": "aws_lb",
      "name": "personal_site_alb",
      "provider": "provider[\"registry.terraform.io/hashicorp/aws\"]",
      "instances": [
        {
          "schema_version": 0,
          "attributes": {
            "access_logs": [
              {
                "bucket": "",
                "enabled": false,
                "prefix": ""
              }
            ],
            "arn": "arn:aws:elasticloadbalancing:us-east-1:739275461129:loadbalancer/app/personal-site-alb/d0ba218166cd6ac8",
            "arn_suffix": "app/personal-site-alb/d0ba218166cd6ac8",
            "client_keep_alive": 3600,
            "connection_logs": [
              {
                "bucket": "",
                "enabled": false,
                "prefix": ""
              }
            ],
            "customer_owned_ipv4_pool": "",
            "desync_mitigation_mode": "defensive",
            "dns_name": "personal-site-alb-936914484.us-east-1.elb.amazonaws.com",
            "dns_record_client_routing_policy": null,
            "drop_invalid_header_fields": false,
            "enable_cross_zone_load_balancing": true,
            "enable_deletion_protection": false,
            "enable_http2": true,
            "enable_tls_version_and_cipher_suite_headers": false,
            "enable_waf_fail_open": false,
            "enable_xff_client_port": false,
            "enable_zonal_shift": false,
            "enforce_security_group_inbound_rules_on_private_link_traffic": "",
            "id": "arn:aws:elasticloadbalancing:us-east-1:739275461129:loadbalancer/app/personal-site-alb/d0ba218166cd6ac8",
            "idle_timeout": 60,
            "internal": false,
            "ip_address_type": "ipv4",
            "ipam_pools": [],
            "load_balancer_type": "application",
            "minimum_load_balancer_capacity": [],
            "name": "personal-site-alb",
            "name_prefix": "",
            "preserve_host_header": false,
            "region": "us-east-1",
            "security_groups": [
              "sg-0a31f04a857d3d165"
            ],
            "subnet_mapping": [
              {
                "allocation_id": "",
                "ipv6_address": "",
                "outpost_id": "",
                "private_ipv4_address": "",
                "subnet_id": "subnet-0d7506eb3dc5ae5f9"
              },
              {
                "allocation_id": "",
                "ipv6_address": "",
                "outpost_id": "",
                "private_ipv4_address": "",
                "subnet_id": "subnet-0f97426d473d63458"
              }
            ],
            "subnets": [
              "subnet-0d7506eb3dc5ae5f9",
              "subnet-0f97426d473d63458"
            ],
            "tags": {
              "Name": "PersonalSiteALB"
            },
            "tags_all": {
              "Name": "PersonalSiteALB"
            },
            "timeouts": null,
            "vpc_id": "vpc-0a71dd07e8b14676f",
            "xff_header_processing_mode": "append",
            "zone_id": "Z35SXDOTRQ7X7K"
          },
          "sensitive_attributes": [],
          "private": "eyJlMmJmYjczMC1lY2FhLTExZTYtOGY4OC0zNDM2M2JjN2M0YzAiOnsiY3JlYXRlIjo2MDAwMDAwMDAwMDAsImRlbGV0ZSI6NjAwMDAwMDAwMDAwLCJ1cGRhdGUiOjYwMDAwMDAwMDAwMH19",
          "dependencies": [
            "aws_security_group.alb_security_group",
            "aws_subnet.personal_site_subnet_1",
            "aws_subnet.personal_site_subnet_2",
            "aws_vpc.personal_site_vpc"
          ]
        }
      ]
    },
    {
      "mode": "managed",
      "type": "aws_route53_record",
      "name": "premsanity_com",
      "provider": "provider[\"registry.terraform.io/hashicorp/aws\"]",
      "instances": [
        {
          "schema_version": 2,
          "attributes": {
            "alias": [
              {
                "evaluate_target_health": true,
                "name": "personal-site-alb-936914484.us-east-1.elb.amazonaws.com",
                "zone_id": "Z35SXDOTRQ7X7K"
              }
            ],
            "allow_overwrite": null,
            "cidr_routing_policy": [],
            "failover_routing_policy": [],
            "fqdn": "premsanity.com",
            "geolocation_routing_policy": [],
            "geoproximity_routing_policy": [],
            "health_check_id": "",
            "id": "Z0615570119VZWM7X1M4V_premsanity.com_A",
            "latency_routing_policy": [],
            "multivalue_answer_routing_policy": false,
            "name": "premsanity.com",
            "records": [],
            "set_identifier": "",
            "timeouts": null,
            "ttl": 0,
            "type": "A",
            "weighted_routing_policy": [],
            "zone_id": "Z0615570119VZWM7X1M4V"
          },
          "sensitive_attributes": [],
          "private": "eyJlMmJmYjczMC1lY2FhLTExZTYtOGY4OC0zNDM2M2JjN2M0YzAiOnsiY3JlYXRlIjoxODAwMDAwMDAwMDAwLCJkZWxldGUiOjE4MDAwMDAwMDAwMDAsInVwZGF0ZSI6MTgwMDAwMDAwMDAwMH0sInNjaGVtYV92ZXJzaW9uIjoiMiJ9",
          "dependencies": [
            "aws_lb.personal_site_alb",
            "aws_security_group.alb_security_group",
            "aws_subnet.personal_site_subnet_1",
            "aws_subnet.personal_site_subnet_2",
            "aws_vpc.personal_site_vpc",
            "data.aws_route53_zone.premsanity"
          ]
        }
      ]
    },
    {
      "mode": "managed",
      "type": "aws_security_group",
      "name": "alb_security_group",
      "provider": "provider[\"registry.terraform.io/hashicorp/aws\"]",
      "instances": [
        {
          "schema_version": 1,
          "attributes": {
            "arn": "arn:aws:ec2:us-east-1:739275461129:security-group/sg-0a31f04a857d3d165",
            "description": "Allow HTTP and HTTPS traffic from the internet to the ALB",
            "egress": [
              {
                "cidr_blocks": [
                  "0.0.0.0/0"
                ],
                "description": "",
                "from_port": 0,
                "ipv6_cidr_blocks": [],
                "prefix_list_ids": [],
                "protocol": "-1",
                "security_groups": [],
                "self": false,
                "to_port": 0
              }
            ],
            "id": "sg-0a31f04a857d3d165",
            "ingress": [
              {
                "cidr_blocks": [
                  "0.0.0.0/0"
                ],
                "description": "",
                "from_port": 443,
                "ipv6_cidr_blocks": [],
                "prefix_list_ids": [],
                "protocol": "tcp",
                "security_groups": [],
                "self": false,
                "to_port": 443
              }
            ],
            "name": "terraform-20250726191540830200000001",
            "name_prefix": "terraform-",
            "owner_id": "739275461129",
            "region": "us-east-1",
            "revoke_rules_on_delete": false,
            "tags": {},
            "tags_all": {},
            "timeouts": null,
            "vpc_id": "vpc-0a71dd07e8b14676f"
          },
          "sensitive_attributes": [],
          "private": "eyJlMmJmYjczMC1lY2FhLTExZTYtOGY4OC0zNDM2M2JjN2M0YzAiOnsiY3JlYXRlIjo2MDAwMDAwMDAwMDAsImRlbGV0ZSI6OTAwMDAwMDAwMDAwfSwic2NoZW1hX3ZlcnNpb24iOiIxIn0=",
          "dependencies": [
            "aws_vpc.personal_site_vpc"
          ]
        }
      ]
    },
    {
      "mode": "managed",
      "type": "aws_security_group",
      "name": "allow_http_https_ssh",
      "provider": "provider[\"registry.terraform.io/hashicorp/aws\"]",
      "instances": [
        {
          "schema_version": 1,
          "attributes": {
            "arn": "arn:aws:ec2:us-east-1:739275461129:security-group/sg-01c87144136d65070",
            "description": "Allow traffic from ALB and SSH traffic from specific IP",
            "egress": [
              {
                "cidr_blocks": [
                  "0.0.0.0/0"
                ],
                "description": "",
                "from_port": 0,
                "ipv6_cidr_blocks": [],
                "prefix_list_ids": [],
                "protocol": "-1",
                "security_groups": [],
                "self": false,
                "to_port": 0
              }
            ],
            "id": "sg-01c87144136d65070",
            "ingress": [
              {
                "cidr_blocks": [
                  "67.255.0.111/32"
                ],
                "description": "Allow SSH traffic",
                "from_port": 22,
                "ipv6_cidr_blocks": [],
                "prefix_list_ids": [],
                "protocol": "tcp",
                "security_groups": [],
                "self": false,
                "to_port": 22
              }
            ],
            "name": "terraform-20250726191540831500000002",
            "name_prefix": "terraform-",
            "owner_id": "739275461129",
            "region": "us-east-1",
            "revoke_rules_on_delete": false,
            "tags": {
              "Name": "PersonalSite-EC2-SecurityGroup"
            },
            "tags_all": {
              "Name": "PersonalSite-EC2-SecurityGroup"
            },
            "timeouts": null,
            "vpc_id": "vpc-0a71dd07e8b14676f"
          },
          "sensitive_attributes": [],
          "private": "eyJlMmJmYjczMC1lY2FhLTExZTYtOGY4OC0zNDM2M2JjN2M0YzAiOnsiY3JlYXRlIjo2MDAwMDAwMDAwMDAsImRlbGV0ZSI6OTAwMDAwMDAwMDAwfSwic2NoZW1hX3ZlcnNpb24iOiIxIn0=",
          "dependencies": [
            "aws_vpc.personal_site_vpc"
          ]
        }
      ]
    },
    {
      "mode": "managed",
      "type": "aws_subnet",
      "name": "personal_site_subnet_1",
      "provider": "provider[\"registry.terraform.io/hashicorp/aws\"]",
      "instances": [
        {
          "schema_version": 1,
          "attributes": {
            "arn": "arn:aws:ec2:us-east-1:739275461129:subnet/subnet-0f97426d473d63458",
            "assign_ipv6_address_on_creation": false,
            "availability_zone": "us-east-1a",
            "availability_zone_id": "use1-az6",
            "cidr_block": "10.0.1.0/24",
            "customer_owned_ipv4_pool": "",
            "enable_dns64": false,
            "enable_lni_at_device_index": 0,
            "enable_resource_name_dns_a_record_on_launch": false,
            "enable_resource_name_dns_aaaa_record_on_launch": false,
            "id": "subnet-0f97426d473d63458",
            "ipv6_cidr_block": "",
            "ipv6_cidr_block_association_id": "",
            "ipv6_native": false,
            "map_customer_owned_ip_on_launch": false,
            "map_public_ip_on_launch": false,
            "outpost_arn": "",
            "owner_id": "739275461129",
            "private_dns_hostname_type_on_launch": "ip-name",
            "region": "us-east-1",
            "tags": {
              "Name": "PersonalSiteSubnet1"
            },
            "tags_all": {
              "Name": "PersonalSiteSubnet1"
            },
            "timeouts": null,
            "vpc_id": "vpc-0a71dd07e8b14676f"
          },
          "sensitive_attributes": [],
          "private": "eyJlMmJmYjczMC1lY2FhLTExZTYtOGY4OC0zNDM2M2JjN2M0YzAiOnsiY3JlYXRlIjo2MDAwMDAwMDAwMDAsImRlbGV0ZSI6MTIwMDAwMDAwMDAwMH0sInNjaGVtYV92ZXJzaW9uIjoiMSJ9",
          "dependencies": [
            "aws_vpc.personal_site_vpc"
          ]
        }
      ]
    },
    {
      "mode": "managed",
      "type": "aws_subnet",
      "name": "personal_site_subnet_2",
      "provider": "provider[\"registry.terraform.io/hashicorp/aws\"]",
      "instances": [
        {
          "schema_version": 1,
          "attributes": {
            "arn": "arn:aws:ec2:us-east-1:739275461129:subnet/subnet-0d7506eb3dc5ae5f9",
            "assign_ipv6_address_on_creation": false,
            "availability_zone": "us-east-1b",
            "availability_zone_id": "use1-az1",
            "cidr_block": "10.0.2.0/24",
            "customer_owned_ipv4_pool": "",
            "enable_dns64": false,
            "enable_lni_at_device_index": 0,
            "enable_resource_name_dns_a_record_on_launch": false,
            "enable_resource_name_dns_aaaa_record_on_launch": false,
            "id": "subnet-0d7506eb3dc5ae5f9",
            "ipv6_cidr_block": "",
            "ipv6_cidr_block_association_id": "",
            "ipv6_native": false,
            "map_customer_owned_ip_on_launch": false,
            "map_public_ip_on_launch": false,
            "outpost_arn": "",
            "owner_id": "739275461129",
            "private_dns_hostname_type_on_launch": "ip-name",
            "region": "us-east-1",
            "tags": {
              "Name": "PersonalSiteSubnet2"
            },
            "tags_all": {
              "Name": "PersonalSiteSubnet2"
            },
            "timeouts": null,
            "vpc_id": "vpc-0a71dd07e8b14676f"
          },
          "sensitive_attributes": [],
          "private": "eyJlMmJmYjczMC1lY2FhLTExZTYtOGY4OC0zNDM2M2JjN2M0YzAiOnsiY3JlYXRlIjo2MDAwMDAwMDAwMDAsImRlbGV0ZSI6MTIwMDAwMDAwMDAwMH0sInNjaGVtYV92ZXJzaW9uIjoiMSJ9",
          "dependencies": [
            "aws_vpc.personal_site_vpc"
          ]
        }
      ]
    },
    {
      "mode": "managed",
      "type": "aws_vpc",
      "name": "personal_site_vpc",
      "provider": "provider[\"registry.terraform.io/hashicorp/aws\"]",
      "instances": [
        {
          "schema_version": 1,
          "attributes": {
            "arn": "arn:aws:ec2:us-east-1:739275461129:vpc/vpc-0a71dd07e8b14676f",
            "assign_generated_ipv6_cidr_block": false,
            "cidr_block": "10.0.0.0/16",
            "default_network_acl_id": "acl-08254c82858c64839",
            "default_route_table_id": "rtb-09b2775a86a40aefc",
            "default_security_group_id": "sg-0e1cb0b9d23f28f4f",
            "dhcp_options_id": "dopt-0bacdf14738a8726a",
            "enable_dns_hostnames": false,
            "enable_dns_support": true,
            "enable_network_address_usage_metrics": false,
            "id": "vpc-0a71dd07e8b14676f",
            "instance_tenancy": "default",
            "ipv4_ipam_pool_id": null,
            "ipv4_netmask_length": null,
            "ipv6_association_id": "",
            "ipv6_cidr_block": "",
            "ipv6_cidr_block_network_border_group": "",
            "ipv6_ipam_pool_id": "",
            "ipv6_netmask_length": 0,
            "main_route_table_id": "rtb-09b2775a86a40aefc",
            "owner_id": "739275461129",
            "region": "us-east-1",
            "tags": {
              "Name": "PersonalSiteVPC"
            },
            "tags_all": {
              "Name": "PersonalSiteVPC"
            }
          },
          "sensitive_attributes": [],
          "private": "eyJzY2hlbWFfdmVyc2lvbiI6IjEifQ=="
        }
      ]
    }
  ],
  "check_results": null
}
